
Microsoft Visual Studio Solution File, Format Version 12.00
# Visual Studio Version 16
VisualStudioVersion = 16.0.29230.47
MinimumVisualStudioVersion = 10.0.40219.1
Project("{FAE04EC0-301F-11D3-BF4B-00C04F79EFBC}") = "ConsoleApp", "ConsoleApp\ConsoleApp.csproj", "{AABD6CC5-8A87-40F4-AE6E-A7DB2B0ED054}"
EndProject
Project("{FAE04EC0-301F-11D3-BF4B-00C04F79EFBC}") = "MyClassLibrary", "MyClassLibrary\MyClassLibrary.csproj", "{961634A4-A0A2-4737-936D-9C2B044D3CEA}"
EndProject
Global
	GlobalSection(SolutionConfigurationPlatforms) = preSolution
		Debug|Any CPU = Debug|Any CPU
		Release|Any CPU = Release|Any CPU
	EndGlobalSection
	GlobalSection(ProjectConfigurationPlatforms) = postSolution
		{AABD6CC5-8A87-40F4-AE6E-A7DB2B0ED054}.Debug|Any CPU.ActiveCfg = Debug|Any CPU
		{AABD6CC5-8A87-40F4-AE6E-A7DB2B0ED054}.Debug|Any CPU.Build.0 = Debug|Any CPU
		{AABD6CC5-8A87-40F4-AE6E-A7DB2B0ED054}.Release|Any CPU.ActiveCfg = Release|Any CPU
		{AABD6CC5-8A87-40F4-AE6E-A7DB2B0ED054}.Release|Any CPU.Build.0 = Release|Any CPU
		{961634A4-A0A2-4737-936D-9C2B044D3CEA}.Debug|Any CPU.ActiveCfg = Debug|Any CPU
		{961634A4-A0A2-4737-936D-9C2B044D3CEA}.Debug|Any CPU.Build.0 = Debug|Any CPU
		{961634A4-A0A2-4737-936D-9C2B044D3CEA}.Release|Any CPU.ActiveCfg = Release|Any CPU
		{961634A4-A0A2-4737-936D-9C2B044D3CEA}.Release|Any CPU.Build.0 = Release|Any CPU
	EndGlobalSection
	GlobalSection(SolutionProperties) = preSolution
		HideSolutionNode = FALSE
	EndGlobalSection
	GlobalSection(ExtensibilityGlobals) = postSolution
		SolutionGuid = {229A9ECA-5373-489D-A412-60B89977AFE2}
	EndGlobalSection
EndGlobal
